// !$*UTF8*$!
{
	archiveVersion = 1;
	classes = {
	};
	objectVersion = 50;
	objects = {

/* Begin PBXBuildFile section */
		3B50D03B2582B2AE00689A2D /* SwitchButton.swift in Sources */ = {isa = PBXBuildFile; fileRef = 3B50D03A2582B2AE00689A2D /* SwitchButton.swift */; };
		3BA83D3225829B8C00AC6911 /* TrafficLightSwiftUIApp.swift in Sources */ = {isa = PBXBuildFile; fileRef = 3BA83D3125829B8C00AC6911 /* TrafficLightSwiftUIApp.swift */; };
		3BA83D3425829B8C00AC6911 /* TrafficLightContentView.swift in Sources */ = {isa = PBXBuildFile; fileRef = 3BA83D3325829B8C00AC6911 /* TrafficLightContentView.swift */; };
		3BA83D3625829B8D00AC6911 /* Assets.xcassets in Resources */ = {isa = PBXBuildFile; fileRef = 3BA83D3525829B8D00AC6911 /* Assets.xcassets */; };
		3BA83D3925829B8D00AC6911 /* Preview Assets.xcassets in Resources */ = {isa = PBXBuildFile; fileRef = 3BA83D3825829B8D00AC6911 /* Preview Assets.xcassets */; };
		3BA83D4325829D5000AC6911 /* ColorCircle.swift in Sources */ = {isa = PBXBuildFile; fileRef = 3BA83D4225829D5000AC6911 /* ColorCircle.swift */; };
/* End PBXBuildFile section */

/* Begin PBXFileReference section */
		3B50D03A2582B2AE00689A2D /* SwitchButton.swift */ = {isa = PBXFileReference; lastKnownFileType = sourcecode.swift; path = SwitchButton.swift; sourceTree = "<group>"; };
		3BA83D2E25829B8C00AC6911 /* TrafficLightSwiftUI.app */ = {isa = PBXFileReference; explicitFileType = wrapper.application; includeInIndex = 0; path = TrafficLightSwiftUI.app; sourceTree = BUILT_PRODUCTS_DIR; };
		3BA83D3125829B8C00AC6911 /* TrafficLightSwiftUIApp.swift */ = {isa = PBXFileReference; lastKnownFileType = sourcecode.swift; path = TrafficLightSwiftUIApp.swift; sourceTree = "<group>"; };
		3BA83D3325829B8C00AC6911 /* TrafficLightContentView.swift */ = {isa = PBXFileReference; lastKnownFileType = sourcecode.swift; path = TrafficLightContentView.swift; sourceTree = "<group>"; };
		3BA83D3525829B8D00AC6911 /* Assets.xcassets */ = {isa = PBXFileReference; lastKnownFileType = folder.assetcatalog; path = Assets.xcassets; sourceTree = "<group>"; };
		3BA83D3825829B8D00AC6911 /* Preview Assets.xcassets */ = {isa = PBXFileReference; lastKnownFileType = folder.assetcatalog; path = "Preview Assets.xcassets"; sourceTree = "<group>"; };
		3BA83D3A25829B8D00AC6911 /* Info.plist */ = {isa = PBXFileReference; lastKnownFileType = text.plist.xml; path = Info.plist; sourceTree = "<group>"; };
		3BA83D4225829D5000AC6911 /* ColorCircle.swift */ = {isa = PBXFileReference; lastKnownFileType = sourcecode.swift; path = ColorCircle.swift; sourceTree = "<group>"; };
/* End PBXFileReference section */

/* Begin PBXFrameworksBuildPhase section */
		3BA83D2B25829B8C00AC6911 /* Frameworks */ = {
			isa = PBXFrameworksBuildPhase;
			buildActionMask = 2147483647;
			files = (
			);
			runOnlyForDeploymentPostprocessing = 0;
		};
/* End PBXFrameworksBuildPhase section */

/* Begin PBXGroup section */
		3B50D03E2582B55500689A2D /* Content Views */ = {
			isa = PBXGroup;
			children = (
				3BA83D3325829B8C00AC6911 /* TrafficLightContentView.swift */,
				3BA83D4225829D5000AC6911 /* ColorCircle.swift */,
				3B50D03A2582B2AE00689A2D /* SwitchButton.swift */,
			);
			path = "Content Views";
			sourceTree = "<group>";
		};
		3B50D0402582B5DF00689A2D /* Resource */ = {
			isa = PBXGroup;
			children = (
				3BA83D3525829B8D00AC6911 /* Assets.xcassets */,
			);
			path = Resource;
			sourceTree = "<group>";
		};
		3B50D0412582B5F600689A2D /* Supporting File */ = {
			isa = PBXGroup;
			children = (
				3BA83D3A25829B8D00AC6911 /* Info.plist */,
			);
			path = "Supporting File";
			sourceTree = "<group>";
		};
		3BA83D2525829B8C00AC6911 = {
			isa = PBXGroup;
			children = (
				3BA83D3025829B8C00AC6911 /* TrafficLightSwiftUI */,
				3BA83D2F25829B8C00AC6911 /* Products */,
			);
			sourceTree = "<group>";
		};
		3BA83D2F25829B8C00AC6911 /* Products */ = {
			isa = PBXGroup;
			children = (
				3BA83D2E25829B8C00AC6911 /* TrafficLightSwiftUI.app */,
			);
			name = Products;
			sourceTree = "<group>";
		};
		3BA83D3025829B8C00AC6911 /* TrafficLightSwiftUI */ = {
			isa = PBXGroup;
			children = (
				3BA83D3125829B8C00AC6911 /* TrafficLightSwiftUIApp.swift */,
				3B50D0402582B5DF00689A2D /* Resource */,
				3B50D0412582B5F600689A2D /* Supporting File */,
				3BA83D3725829B8D00AC6911 /* Preview Content */,
				3B50D03E2582B55500689A2D /* Content Views */,
			);
			path = TrafficLightSwiftUI;
			sourceTree = "<group>";
		};
		3BA83D3725829B8D00AC6911 /* Preview Content */ = {
			isa = PBXGroup;
			children = (
				3BA83D3825829B8D00AC6911 /* Preview Assets.xcassets */,
			);
			path = "Preview Content";
			sourceTree = "<group>";
		};
/* End PBXGroup section */

/* Begin PBXNativeTarget section */
		3BA83D2D25829B8C00AC6911 /* TrafficLightSwiftUI */ = {
			isa = PBXNativeTarget;
			buildConfigurationList = 3BA83D3D25829B8D00AC6911 /* Build configuration list for PBXNativeTarget "TrafficLightSwiftUI" */;
			buildPhases = (
				3BA83D2A25829B8C00AC6911 /* Sources */,
				3BA83D2B25829B8C00AC6911 /* Frameworks */,
				3BA83D2C25829B8C00AC6911 /* Resources */,
			);
			buildRules = (
			);
			dependencies = (
			);
			name = TrafficLightSwiftUI;
			productName = TrafficLightSwiftUI;
			productReference = 3BA83D2E25829B8C00AC6911 /* TrafficLightSwiftUI.app */;
			productType = "com.apple.product-type.application";
		};
/* End PBXNativeTarget section */

/* Begin PBXProject section */
		3BA83D2625829B8C00AC6911 /* Project object */ = {
			isa = PBXProject;
			attributes = {
				LastSwiftUpdateCheck = 1220;
				LastUpgradeCheck = 1220;
				TargetAttributes = {
					3BA83D2D25829B8C00AC6911 = {
						CreatedOnToolsVersion = 12.2;
					};
				};
			};
			buildConfigurationList = 3BA83D2925829B8C00AC6911 /* Build configuration list for PBXProject "TrafficLightSwiftUI" */;
			compatibilityVersion = "Xcode 9.3";
			developmentRegion = en;
			hasScannedForEncodings = 0;
			knownRegions = (
				en,
				Base,
			);
			mainGroup = 3BA83D2525829B8C00AC6911;
			productRefGroup = 3BA83D2F25829B8C00AC6911 /* Products */;
			projectDirPath = "";
			projectRoot = "";
			targets = (
				3BA83D2D25829B8C00AC6911 /* TrafficLightSwiftUI */,
			);
		};
/* End PBXProject section */

/* Begin PBXResourcesBuildPhase section */
		3BA83D2C25829B8C00AC6911 /* Resources */ = {
			isa = PBXResourcesBuildPhase;
			buildActionMask = 2147483647;
			files = (
				3BA83D3925829B8D00AC6911 /* Preview Assets.xcassets in Resources */,
				3BA83D3625829B8D00AC6911 /* Assets.xcassets in Resources */,
			);
			runOnlyForDeploymentPostprocessing = 0;
		};
/* End PBXResourcesBuildPhase section */

/* Begin PBXSourcesBuildPhase section */
		3BA83D2A25829B8C00AC6911 /* Sources */ = {
			isa = PBXSourcesBuildPhase;
			buildActionMask = 2147483647;
			files = (
				3B50D03B2582B2AE00689A2D /* SwitchButton.swift in Sources */,
				3BA83D3425829B8C00AC6911 /* TrafficLightContentView.swift in Sources */,
				3BA83D3225829B8C00AC6911 /* TrafficLightSwiftUIApp.swift in Sources */,
				3BA83D4325829D5000AC6911 /* ColorCircle.swift in Sources */,
			);
			runOnlyForDeploymentPostprocessing = 0;
		};
/* End PBXSourcesBuildPhase section */

/* Begin XCBuildConfiguration section */
		3BA83D3B25829B8D00AC6911 /* Debug */ = {
			isa = XCBuildConfiguration;
			buildSettings = {
				ALWAYS_SEARCH_USER_PATHS = NO;
				CLANG_ANALYZER_NONNULL = YES;
				CLANG_ANALYZER_NUMBER_OBJECT_CONVERSION = YES_AGGRESSIVE;
				CLANG_CXX_LANGUAGE_STANDARD = "gnu++14";
				CLANG_CXX_LIBRARY = "libc++";
				CLANG_ENABLE_MODULES = YES;
				CLANG_ENABLE_OBJC_ARC = YES;
				CLANG_ENABLE_OBJC_WEAK = YES;
				CLANG_WARN_BLOCK_CAPTURE_AUTORELEASING = YES;
				CLANG_WARN_BOOL_CONVERSION = YES;
				CLANG_WARN_COMMA = YES;
				CLANG_WARN_CONSTANT_CONVERSION = YES;
				CLANG_WARN_DEPRECATED_OBJC_IMPLEMENTATIONS = YES;
				CLANG_WARN_DIRECT_OBJC_ISA_USAGE = YES_ERROR;
				CLANG_WARN_DOCUMENTATION_COMMENTS = YES;
				CLANG_WARN_EMPTY_BODY = YES;
				CLANG_WARN_ENUM_CONVERSION = YES;
				CLANG_WARN_INFINITE_RECURSION = YES;
				CLANG_WARN_INT_CONVERSION = YES;
				CLANG_WARN_NON_LITERAL_NULL_CONVERSION = YES;
				CLANG_WARN_OBJC_IMPLICIT_RETAIN_SELF = YES;
				CLANG_WARN_OBJC_LITERAL_CONVERSION = YES;
				CLANG_WARN_OBJC_ROOT_CLASS = YES_ERROR;
				CLANG_WARN_QUOTED_INCLUDE_IN_FRAMEWORK_HEADER = YES;
				CLANG_WARN_RANGE_LOOP_ANALYSIS = YES;
				CLANG_WARN_STRICT_PROTOTYPES = YES;
				CLANG_WARN_SUSPICIOUS_MOVE = YES;
				CLANG_WARN_UNGUARDED_AVAILABILITY = YES_AGGRESSIVE;
				CLANG_WARN_UNREACHABLE_CODE = YES;
				CLANG_WARN__DUPLICATE_METHOD_MATCH = YES;
				COPY_PHASE_STRIP = NO;
				DEBUG_INFORMATION_FORMAT = dwarf;
				ENABLE_STRICT_OBJC_MSGSEND = YES;
				ENABLE_TESTABILITY = YES;
				GCC_C_LANGUAGE_STANDARD = gnu11;
				GCC_DYNAMIC_NO_PIC = NO;
				GCC_NO_COMMON_BLOCKS = YES;
				GCC_OPTIMIZATION_LEVEL = 0;
				GCC_PREPROCESSOR_DEFINITIONS = (
					"DEBUG=1",
					"$(inherited)",
				);
				GCC_WARN_64_TO_32_BIT_CONVERSION = YES;
				GCC_WARN_ABOUT_RETURN_TYPE = YES_ERROR;
				GCC_WARN_UNDECLARED_SELECTOR = YES;
				GCC_WARN_UNINITIALIZED_AUTOS = YES_AGGRESSIVE;
				GCC_WARN_UNUSED_FUNCTION = YES;
				GCC_WARN_UNUSED_VARIABLE = YES;
				IPHONEOS_DEPLOYMENT_TARGET = 14.2;
				MTL_ENABLE_DEBUG_INFO = INCLUDE_SOURCE;
				MTL_FAST_MATH = YES;
				ONLY_ACTIVE_ARCH = YES;
				SDKROOT = iphoneos;
				SWIFT_ACTIVE_COMPILATION_CONDITIONS = DEBUG;
				SWIFT_OPTIMIZATION_LEVEL = "-Onone";
			};
			name = Debug;
		};
		3BA83D3C25829B8D00AC6911 /* Release */ = {
			isa = XCBuildConfiguration;
			buildSettings = {
				ALWAYS_SEARCH_USER_PATHS = NO;
				CLANG_ANALYZER_NONNULL = YES;
				CLANG_ANALYZER_NUMBER_OBJECT_CONVERSION = YES_AGGRESSIVE;
				CLANG_CXX_LANGUAGE_STANDARD = "gnu++14";
				CLANG_CXX_LIBRARY = "libc++";
				CLANG_ENABLE_MODULES = YES;
				CLANG_ENABLE_OBJC_ARC = YES;
				CLANG_ENABLE_OBJC_WEAK = YES;
				CLANG_WARN_BLOCK_CAPTURE_AUTORELEASING = YES;
				CLANG_WARN_BOOL_CONVERSION = YES;
				CLANG_WARN_COMMA = YES;
				CLANG_WARN_CONSTANT_CONVERSION = YES;
				CLANG_WARN_DEPRECATED_OBJC_IMPLEMENTATIONS = YES;
				CLANG_WARN_DIRECT_OBJC_ISA_USAGE = YES_ERROR;
				CLANG_WARN_DOCUMENTATION_COMMENTS = YES;
				CLANG_WARN_EMPTY_BODY = YES;
				CLANG_WARN_ENUM_CONVERSION = YES;
				CLANG_WARN_INFINITE_RECURSION = YES;
				CLANG_WARN_INT_CONVERSION = YES;
				CLANG_WARN_NON_LITERAL_NULL_CONVERSION = YES;
				CLANG_WARN_OBJC_IMPLICIT_RETAIN_SELF = YES;
				CLANG_WARN_OBJC_LITERAL_CONVERSION = YES;
				CLANG_WARN_OBJC_ROOT_CLASS = YES_ERROR;
				CLANG_WARN_QUOTED_INCLUDE_IN_FRAMEWORK_HEADER = YES;
				CLANG_WARN_RANGE_LOOP_ANALYSIS = YES;
				CLANG_WARN_STRICT_PROTOTYPES = YES;
				CLANG_WARN_SUSPICIOUS_MOVE = YES;
				CLANG_WARN_UNGUARDED_AVAILABILITY = YES_AGGRESSIVE;
				CLANG_WARN_UNREACHABLE_CODE = YES;
				CLANG_WARN__DUPLICATE_METHOD_MATCH = YES;
				COPY_PHASE_STRIP = NO;
				DEBUG_INFORMATION_FORMAT = "dwarf-with-dsym";
				ENABLE_NS_ASSERTIONS = NO;
				ENABLE_STRICT_OBJC_MSGSEND = YES;
				GCC_C_LANGUAGE_STANDARD = gnu11;
				GCC_NO_COMMON_BLOCKS = YES;
				GCC_WARN_64_TO_32_BIT_CONVERSION = YES;
				GCC_WARN_ABOUT_RETURN_TYPE = YES_ERROR;
				GCC_WARN_UNDECLARED_SELECTOR = YES;
				GCC_WARN_UNINITIALIZED_AUTOS = YES_AGGRESSIVE;
				GCC_WARN_UNUSED_FUNCTION = YES;
				GCC_WARN_UNUSED_VARIABLE = YES;
				IPHONEOS_DEPLOYMENT_TARGET = 14.2;
				MTL_ENABLE_DEBUG_INFO = NO;
				MTL_FAST_MATH = YES;
				SDKROOT = iphoneos;
				SWIFT_COMPILATION_MODE = wholemodule;
				SWIFT_OPTIMIZATION_LEVEL = "-O";
				VALIDATE_PRODUCT = YES;
			};
			name = Release;
		};
		3BA83D3E25829B8D00AC6911 /* Debug */ = {
			isa = XCBuildConfiguration;
			buildSettings = {
				ASSETCATALOG_COMPILER_APPICON_NAME = AppIcon;
				ASSETCATALOG_COMPILER_GLOBAL_ACCENT_COLOR_NAME = AccentColor;
				CODE_SIGN_STYLE = Automatic;
				DEVELOPMENT_ASSET_PATHS = "\"TrafficLightSwiftUI/Preview Content\"";
				ENABLE_PREVIEWS = YES;
				INFOPLIST_FILE = "TrafficLightSwiftUI/Supporting File/Info.plist";
				IPHONEOS_DEPLOYMENT_TARGET = 14.0;
				LD_RUNPATH_SEARCH_PATHS = (
					"$(inherited)",
					"@executable_path/Frameworks",
				);
				PRODUCT_BUNDLE_IDENTIFIER = ru.dmitry.TrafficLightSwiftUI;
				PRODUCT_NAME = "$(TARGET_NAME)";
				SWIFT_VERSION = 5.0;
				TARGETED_DEVICE_FAMILY = "1,2";
			};
			name = Debug;
		};
		3BA83D3F25829B8D00AC6911 /* Release */ = {
			isa = XCBuildConfiguration;
			buildSettings = {
				ASSETCATALOG_COMPILER_APPICON_NAME = AppIcon;
				ASSETCATALOG_COMPILER_GLOBAL_ACCENT_COLOR_NAME = AccentColor;
				CODE_SIGN_STYLE = Automatic;
				DEVELOPMENT_ASSET_PATHS = "\"TrafficLightSwiftUI/Preview Content\"";
				ENABLE_PREVIEWS = YES;
				INFOPLIST_FILE = "TrafficLightSwiftUI/Supporting File/Info.plist";
				IPHONEOS_DEPLOYMENT_TARGET = 14.0;
				LD_RUNPATH_SEARCH_PATHS = (
					"$(inherited)",
					"@executable_path/Frameworks",
				);
				PRODUCT_BUNDLE_IDENTIFIER = ru.dmitry.TrafficLightSwiftUI;
				PRODUCT_NAME = "$(TARGET_NAME)";
				SWIFT_VERSION = 5.0;
				TARGETED_DEVICE_FAMILY = "1,2";
			};
			name = Release;
		};
/* End XCBuildConfiguration section */

/* Begin XCConfigurationList section */
		3BA83D2925829B8C00AC6911 /* Build configuration list for PBXProject "TrafficLightSwiftUI" */ = {
			isa = XCConfigurationList;
			buildConfigurations = (
				3BA83D3B25829B8D00AC6911 /* Debug */,
				3BA83D3C25829B8D00AC6911 /* Release */,
			);
			defaultConfigurationIsVisible = 0;
			defaultConfigurationName = Release;
		};
		3BA83D3D25829B8D00AC6911 /* Build configuration list for PBXNativeTarget "TrafficLightSwiftUI" */ = {
			isa = XCConfigurationList;
			buildConfigurations = (
				3BA83D3E25829B8D00AC6911 /* Debug */,
				3BA83D3F25829B8D00AC6911 /* Release */,
			);
			defaultConfigurationIsVisible = 0;
			defaultConfigurationName = Release;
		};
/* End XCConfigurationList section */
	};
	rootObject = 3BA83D2625829B8C00AC6911 /* Project object */;
}
